
Microsoft Visual Studio Solution File, Format Version 12.00
# Visual Studio 15
VisualStudioVersion = 15.0.27703.2035
MinimumVisualStudioVersion = 10.0.40219.1
Project("{9A19103F-16F7-4668-BE54-9A1E7A4F7556}") = "BotZerandoDivida", "BotZerandoDivida\BotZerandoDivida.csproj", "{659205BF-9F82-41C9-AA06-A172A49B0E66}"
EndProject
Global
	GlobalSection(SolutionConfigurationPlatforms) = preSolution
		Debug|Any CPU = Debug|Any CPU
		Release|Any CPU = Release|Any CPU
	EndGlobalSection
	GlobalSection(ProjectConfigurationPlatforms) = postSolution
		{659205BF-9F82-41C9-AA06-A172A49B0E66}.Debug|Any CPU.ActiveCfg = Debug|Any CPU
		{659205BF-9F82-41C9-AA06-A172A49B0E66}.Debug|Any CPU.Build.0 = Debug|Any CPU
		{659205BF-9F82-41C9-AA06-A172A49B0E66}.Release|Any CPU.ActiveCfg = Release|Any CPU
		{659205BF-9F82-41C9-AA06-A172A49B0E66}.Release|Any CPU.Build.0 = Release|Any CPU
	EndGlobalSection
	GlobalSection(SolutionProperties) = preSolution
		HideSolutionNode = FALSE
	EndGlobalSection
	GlobalSection(ExtensibilityGlobals) = postSolution
		SolutionGuid = {6AF4AF72-D00E-45C4-B3B2-E30FBE53245A}
	EndGlobalSection
EndGlobal
